
Microsoft Visual Studio Solution File, Format Version 12.00
# Visual Studio Version 17
VisualStudioVersion = 17.5.33530.505
MinimumVisualStudioVersion = 10.0.40219.1
Project("{FAE04EC0-301F-11D3-BF4B-00C04F79EFBC}") = "GestoreEventi", "GestoreEventi\GestoreEventi.csproj", "{0E941EAE-EAE9-4DD6-831C-36EB6BECF06D}"
EndProject
Global
	GlobalSection(SolutionConfigurationPlatforms) = preSolution
		Debug|Any CPU = Debug|Any CPU
		Release|Any CPU = Release|Any CPU
	EndGlobalSection
	GlobalSection(ProjectConfigurationPlatforms) = postSolution
		{0E941EAE-EAE9-4DD6-831C-36EB6BECF06D}.Debug|Any CPU.ActiveCfg = Debug|Any CPU
		{0E941EAE-EAE9-4DD6-831C-36EB6BECF06D}.Debug|Any CPU.Build.0 = Debug|Any CPU
		{0E941EAE-EAE9-4DD6-831C-36EB6BECF06D}.Release|Any CPU.ActiveCfg = Release|Any CPU
		{0E941EAE-EAE9-4DD6-831C-36EB6BECF06D}.Release|Any CPU.Build.0 = Release|Any CPU
	EndGlobalSection
	GlobalSection(SolutionProperties) = preSolution
		HideSolutionNode = FALSE
	EndGlobalSection
	GlobalSection(ExtensibilityGlobals) = postSolution
		SolutionGuid = {DBB91736-1ECD-45D3-9395-DBBA2971F43F}
	EndGlobalSection
EndGlobal
